// !$*UTF8*$!
{
	archiveVersion = 1;
	classes = {
	};
	objectVersion = 51;
	objects = {

/* Begin PBXBuildFile section */
		0083016C2301EEB3006F390F /* Item.swift in Sources */ = {isa = PBXBuildFile; fileRef = 0083016B2301EEB3006F390F /* Item.swift */; };
		0083016E2301EEBD006F390F /* Category.swift in Sources */ = {isa = PBXBuildFile; fileRef = 0083016D2301EEBD006F390F /* Category.swift */; };
		009E7F5022EE105A00FF7839 /* AppDelegate.swift in Sources */ = {isa = PBXBuildFile; fileRef = 009E7F4F22EE105A00FF7839 /* AppDelegate.swift */; };
		009E7F5222EE105A00FF7839 /* TodoListViewController.swift in Sources */ = {isa = PBXBuildFile; fileRef = 009E7F5122EE105A00FF7839 /* TodoListViewController.swift */; };
		009E7F5522EE105B00FF7839 /* Main.storyboard in Resources */ = {isa = PBXBuildFile; fileRef = 009E7F5322EE105B00FF7839 /* Main.storyboard */; };
		009E7F5722EE105C00FF7839 /* Assets.xcassets in Resources */ = {isa = PBXBuildFile; fileRef = 009E7F5622EE105C00FF7839 /* Assets.xcassets */; };
		009E7F5A22EE105C00FF7839 /* LaunchScreen.storyboard in Resources */ = {isa = PBXBuildFile; fileRef = 009E7F5822EE105C00FF7839 /* LaunchScreen.storyboard */; };
		00AF48AA22FA17B700417317 /* CategoryViewController.swift in Sources */ = {isa = PBXBuildFile; fileRef = 00AF48A922FA17B700417317 /* CategoryViewController.swift */; };
		691C8CABB8AAB01EB94ABA95 /* Pods_Todoey.framework in Frameworks */ = {isa = PBXBuildFile; fileRef = 19F1A453EAF85C64C8BDD3CD /* Pods_Todoey.framework */; };
/* End PBXBuildFile section */

/* Begin PBXFileReference section */
		0083016B2301EEB3006F390F /* Item.swift */ = {isa = PBXFileReference; lastKnownFileType = sourcecode.swift; path = Item.swift; sourceTree = "<group>"; };
		0083016D2301EEBD006F390F /* Category.swift */ = {isa = PBXFileReference; lastKnownFileType = sourcecode.swift; path = Category.swift; sourceTree = "<group>"; };
		009E7F4C22EE105A00FF7839 /* Todoey.app */ = {isa = PBXFileReference; explicitFileType = wrapper.application; includeInIndex = 0; path = Todoey.app; sourceTree = BUILT_PRODUCTS_DIR; };
		009E7F4F22EE105A00FF7839 /* AppDelegate.swift */ = {isa = PBXFileReference; lastKnownFileType = sourcecode.swift; path = AppDelegate.swift; sourceTree = "<group>"; };
		009E7F5122EE105A00FF7839 /* TodoListViewController.swift */ = {isa = PBXFileReference; lastKnownFileType = sourcecode.swift; path = TodoListViewController.swift; sourceTree = "<group>"; };
		009E7F5422EE105B00FF7839 /* Base */ = {isa = PBXFileReference; lastKnownFileType = file.storyboard; name = Base; path = Base.lproj/Main.storyboard; sourceTree = "<group>"; };
		009E7F5622EE105C00FF7839 /* Assets.xcassets */ = {isa = PBXFileReference; lastKnownFileType = folder.assetcatalog; path = Assets.xcassets; sourceTree = "<group>"; };
		009E7F5922EE105C00FF7839 /* Base */ = {isa = PBXFileReference; lastKnownFileType = file.storyboard; name = Base; path = Base.lproj/LaunchScreen.storyboard; sourceTree = "<group>"; };
		009E7F5B22EE105C00FF7839 /* Info.plist */ = {isa = PBXFileReference; lastKnownFileType = text.plist.xml; path = Info.plist; sourceTree = "<group>"; };
		00AF48A922FA17B700417317 /* CategoryViewController.swift */ = {isa = PBXFileReference; lastKnownFileType = sourcecode.swift; path = CategoryViewController.swift; sourceTree = "<group>"; };
		19F1A453EAF85C64C8BDD3CD /* Pods_Todoey.framework */ = {isa = PBXFileReference; explicitFileType = wrapper.framework; includeInIndex = 0; path = Pods_Todoey.framework; sourceTree = BUILT_PRODUCTS_DIR; };
		289D43E02B8806E95B911714 /* Pods-Todoey.release.xcconfig */ = {isa = PBXFileReference; includeInIndex = 1; lastKnownFileType = text.xcconfig; name = "Pods-Todoey.release.xcconfig"; path = "Target Support Files/Pods-Todoey/Pods-Todoey.release.xcconfig"; sourceTree = "<group>"; };
		F536F887BE009E9C7E5CE715 /* Pods-Todoey.debug.xcconfig */ = {isa = PBXFileReference; includeInIndex = 1; lastKnownFileType = text.xcconfig; name = "Pods-Todoey.debug.xcconfig"; path = "Target Support Files/Pods-Todoey/Pods-Todoey.debug.xcconfig"; sourceTree = "<group>"; };
/* End PBXFileReference section */

/* Begin PBXFrameworksBuildPhase section */
		009E7F4922EE105A00FF7839 /* Frameworks */ = {
			isa = PBXFrameworksBuildPhase;
			buildActionMask = 2147483647;
			files = (
				691C8CABB8AAB01EB94ABA95 /* Pods_Todoey.framework in Frameworks */,
			);
			runOnlyForDeploymentPostprocessing = 0;
		};
/* End PBXFrameworksBuildPhase section */

/* Begin PBXGroup section */
		0000B92F22EF824D00C558EF /* Models */ = {
			isa = PBXGroup;
			children = (
				0083016B2301EEB3006F390F /* Item.swift */,
				0083016D2301EEBD006F390F /* Category.swift */,
			);
			name = Models;
			sourceTree = "<group>";
		};
		0000B93022EF825F00C558EF /* Views */ = {
			isa = PBXGroup;
			children = (
				009E7F5322EE105B00FF7839 /* Main.storyboard */,
				009E7F5822EE105C00FF7839 /* LaunchScreen.storyboard */,
			);
			path = Views;
			sourceTree = "<group>";
		};
		0000B93122EF826900C558EF /* Controllers */ = {
			isa = PBXGroup;
			children = (
				009E7F5122EE105A00FF7839 /* TodoListViewController.swift */,
				00AF48A922FA17B700417317 /* CategoryViewController.swift */,
			);
			name = Controllers;
			sourceTree = "<group>";
		};
		009E7F4322EE105A00FF7839 = {
			isa = PBXGroup;
			children = (
				009E7F4E22EE105A00FF7839 /* Todoey */,
				009E7F4D22EE105A00FF7839 /* Products */,
				C7A0AF73D32B2690D6C762D4 /* Pods */,
				BE530726A2F096368D028A60 /* Frameworks */,
			);
			sourceTree = "<group>";
		};
		009E7F4D22EE105A00FF7839 /* Products */ = {
			isa = PBXGroup;
			children = (
				009E7F4C22EE105A00FF7839 /* Todoey.app */,
			);
			name = Products;
			sourceTree = "<group>";
		};
		009E7F4E22EE105A00FF7839 /* Todoey */ = {
			isa = PBXGroup;
			children = (
				009E7F4F22EE105A00FF7839 /* AppDelegate.swift */,
				0000B93122EF826900C558EF /* Controllers */,
				0000B93022EF825F00C558EF /* Views */,
				0000B92F22EF824D00C558EF /* Models */,
				009E7F5622EE105C00FF7839 /* Assets.xcassets */,
				009E7F5B22EE105C00FF7839 /* Info.plist */,
			);
			path = Todoey;
			sourceTree = "<group>";
		};
		BE530726A2F096368D028A60 /* Frameworks */ = {
			isa = PBXGroup;
			children = (
				19F1A453EAF85C64C8BDD3CD /* Pods_Todoey.framework */,
			);
			name = Frameworks;
			sourceTree = "<group>";
		};
		C7A0AF73D32B2690D6C762D4 /* Pods */ = {
			isa = PBXGroup;
			children = (
				F536F887BE009E9C7E5CE715 /* Pods-Todoey.debug.xcconfig */,
				289D43E02B8806E95B911714 /* Pods-Todoey.release.xcconfig */,
			);
			path = Pods;
			sourceTree = "<group>";
		};
/* End PBXGroup section */

/* Begin PBXNativeTarget section */
		009E7F4B22EE105A00FF7839 /* Todoey */ = {
			isa = PBXNativeTarget;
			buildConfigurationList = 009E7F5E22EE105C00FF7839 /* Build configuration list for PBXNativeTarget "Todoey" */;
			buildPhases = (
				B9B1FD657DC9CEACA25B5D43 /* [CP] Check Pods Manifest.lock */,
				009E7F4822EE105A00FF7839 /* Sources */,
				009E7F4922EE105A00FF7839 /* Frameworks */,
				009E7F4A22EE105A00FF7839 /* Resources */,
				58C864F026928C82C404282D /* [CP] Embed Pods Frameworks */,
			);
			buildRules = (
			);
			dependencies = (
			);
			name = Todoey;
			productName = Todoey;
			productReference = 009E7F4C22EE105A00FF7839 /* Todoey.app */;
			productType = "com.apple.product-type.application";
		};
/* End PBXNativeTarget section */

/* Begin PBXProject section */
		009E7F4422EE105A00FF7839 /* Project object */ = {
			isa = PBXProject;
			attributes = {
				LastSwiftUpdateCheck = 1030;
				LastUpgradeCheck = 1030;
				ORGANIZATIONNAME = "Francisco Gonzalez";
				TargetAttributes = {
					009E7F4B22EE105A00FF7839 = {
						CreatedOnToolsVersion = 10.3;
					};
				};
			};
			buildConfigurationList = 009E7F4722EE105A00FF7839 /* Build configuration list for PBXProject "Todoey" */;
			compatibilityVersion = "Xcode 9.3";
			developmentRegion = en;
			hasScannedForEncodings = 0;
			knownRegions = (
				en,
				Base,
			);
			mainGroup = 009E7F4322EE105A00FF7839;
			productRefGroup = 009E7F4D22EE105A00FF7839 /* Products */;
			projectDirPath = "";
			projectRoot = "";
			targets = (
				009E7F4B22EE105A00FF7839 /* Todoey */,
			);
		};
/* End PBXProject section */

/* Begin PBXResourcesBuildPhase section */
		009E7F4A22EE105A00FF7839 /* Resources */ = {
			isa = PBXResourcesBuildPhase;
			buildActionMask = 2147483647;
			files = (
				009E7F5A22EE105C00FF7839 /* LaunchScreen.storyboard in Resources */,
				009E7F5722EE105C00FF7839 /* Assets.xcassets in Resources */,
				009E7F5522EE105B00FF7839 /* Main.storyboard in Resources */,
			);
			runOnlyForDeploymentPostprocessing = 0;
		};
/* End PBXResourcesBuildPhase section */

/* Begin PBXShellScriptBuildPhase section */
		58C864F026928C82C404282D /* [CP] Embed Pods Frameworks */ = {
			isa = PBXShellScriptBuildPhase;
			buildActionMask = 2147483647;
			files = (
			);
			inputFileListPaths = (
				"${PODS_ROOT}/Target Support Files/Pods-Todoey/Pods-Todoey-frameworks-${CONFIGURATION}-input-files.xcfilelist",
			);
			name = "[CP] Embed Pods Frameworks";
			outputFileListPaths = (
				"${PODS_ROOT}/Target Support Files/Pods-Todoey/Pods-Todoey-frameworks-${CONFIGURATION}-output-files.xcfilelist",
			);
			runOnlyForDeploymentPostprocessing = 0;
			shellPath = /bin/sh;
			shellScript = "\"${PODS_ROOT}/Target Support Files/Pods-Todoey/Pods-Todoey-frameworks.sh\"\n";
			showEnvVarsInLog = 0;
		};
		B9B1FD657DC9CEACA25B5D43 /* [CP] Check Pods Manifest.lock */ = {
			isa = PBXShellScriptBuildPhase;
			buildActionMask = 2147483647;
			files = (
			);
			inputFileListPaths = (
			);
			inputPaths = (
				"${PODS_PODFILE_DIR_PATH}/Podfile.lock",
				"${PODS_ROOT}/Manifest.lock",
			);
			name = "[CP] Check Pods Manifest.lock";
			outputFileListPaths = (
			);
			outputPaths = (
				"$(DERIVED_FILE_DIR)/Pods-Todoey-checkManifestLockResult.txt",
			);
			runOnlyForDeploymentPostprocessing = 0;
			shellPath = /bin/sh;
			shellScript = "diff \"${PODS_PODFILE_DIR_PATH}/Podfile.lock\" \"${PODS_ROOT}/Manifest.lock\" > /dev/null\nif [ $? != 0 ] ; then\n    # print error to STDERR\n    echo \"error: The sandbox is not in sync with the Podfile.lock. Run 'pod install' or update your CocoaPods installation.\" >&2\n    exit 1\nfi\n# This output is used by Xcode 'outputs' to avoid re-running this script phase.\necho \"SUCCESS\" > \"${SCRIPT_OUTPUT_FILE_0}\"\n";
			showEnvVarsInLog = 0;
		};
/* End PBXShellScriptBuildPhase section */

/* Begin PBXSourcesBuildPhase section */
		009E7F4822EE105A00FF7839 /* Sources */ = {
			isa = PBXSourcesBuildPhase;
			buildActionMask = 2147483647;
			files = (
				0083016C2301EEB3006F390F /* Item.swift in Sources */,
				00AF48AA22FA17B700417317 /* CategoryViewController.swift in Sources */,
				009E7F5222EE105A00FF7839 /* TodoListViewController.swift in Sources */,
				009E7F5022EE105A00FF7839 /* AppDelegate.swift in Sources */,
				0083016E2301EEBD006F390F /* Category.swift in Sources */,
			);
			runOnlyForDeploymentPostprocessing = 0;
		};
/* End PBXSourcesBuildPhase section */

/* Begin PBXVariantGroup section */
		009E7F5322EE105B00FF7839 /* Main.storyboard */ = {
			isa = PBXVariantGroup;
			children = (
				009E7F5422EE105B00FF7839 /* Base */,
			);
			name = Main.storyboard;
			sourceTree = "<group>";
		};
		009E7F5822EE105C00FF7839 /* LaunchScreen.storyboard */ = {
			isa = PBXVariantGroup;
			children = (
				009E7F5922EE105C00FF7839 /* Base */,
			);
			name = LaunchScreen.storyboard;
			sourceTree = "<group>";
		};
/* End PBXVariantGroup section */

/* Begin XCBuildConfiguration section */
		009E7F5C22EE105C00FF7839 /* Debug */ = {
			isa = XCBuildConfiguration;
			buildSettings = {
				ALWAYS_SEARCH_USER_PATHS = NO;
				CLANG_ANALYZER_NONNULL = YES;
				CLANG_ANALYZER_NUMBER_OBJECT_CONVERSION = YES_AGGRESSIVE;
				CLANG_CXX_LANGUAGE_STANDARD = "gnu++14";
				CLANG_CXX_LIBRARY = "libc++";
				CLANG_ENABLE_MODULES = YES;
				CLANG_ENABLE_OBJC_ARC = YES;
				CLANG_ENABLE_OBJC_WEAK = YES;
				CLANG_WARN_BLOCK_CAPTURE_AUTORELEASING = YES;
				CLANG_WARN_BOOL_CONVERSION = YES;
				CLANG_WARN_COMMA = YES;
				CLANG_WARN_CONSTANT_CONVERSION = YES;
				CLANG_WARN_DEPRECATED_OBJC_IMPLEMENTATIONS = YES;
				CLANG_WARN_DIRECT_OBJC_ISA_USAGE = YES_ERROR;
				CLANG_WARN_DOCUMENTATION_COMMENTS = YES;
				CLANG_WARN_EMPTY_BODY = YES;
				CLANG_WARN_ENUM_CONVERSION = YES;
				CLANG_WARN_INFINITE_RECURSION = YES;
				CLANG_WARN_INT_CONVERSION = YES;
				CLANG_WARN_NON_LITERAL_NULL_CONVERSION = YES;
				CLANG_WARN_OBJC_IMPLICIT_RETAIN_SELF = YES;
				CLANG_WARN_OBJC_LITERAL_CONVERSION = YES;
				CLANG_WARN_OBJC_ROOT_CLASS = YES_ERROR;
				CLANG_WARN_RANGE_LOOP_ANALYSIS = YES;
				CLANG_WARN_STRICT_PROTOTYPES = YES;
				CLANG_WARN_SUSPICIOUS_MOVE = YES;
				CLANG_WARN_UNGUARDED_AVAILABILITY = YES_AGGRESSIVE;
				CLANG_WARN_UNREACHABLE_CODE = YES;
				CLANG_WARN__DUPLICATE_METHOD_MATCH = YES;
				CODE_SIGN_IDENTITY = "iPhone Developer";
				COPY_PHASE_STRIP = NO;
				DEBUG_INFORMATION_FORMAT = dwarf;
				ENABLE_STRICT_OBJC_MSGSEND = YES;
				ENABLE_TESTABILITY = YES;
				GCC_C_LANGUAGE_STANDARD = gnu11;
				GCC_DYNAMIC_NO_PIC = NO;
				GCC_NO_COMMON_BLOCKS = YES;
				GCC_OPTIMIZATION_LEVEL = 0;
				GCC_PREPROCESSOR_DEFINITIONS = (
					"DEBUG=1",
					"$(inherited)",
				);
				GCC_WARN_64_TO_32_BIT_CONVERSION = YES;
				GCC_WARN_ABOUT_RETURN_TYPE = YES_ERROR;
				GCC_WARN_UNDECLARED_SELECTOR = YES;
				GCC_WARN_UNINITIALIZED_AUTOS = YES_AGGRESSIVE;
				GCC_WARN_UNUSED_FUNCTION = YES;
				GCC_WARN_UNUSED_VARIABLE = YES;
				IPHONEOS_DEPLOYMENT_TARGET = 12.4;
				MTL_ENABLE_DEBUG_INFO = INCLUDE_SOURCE;
				MTL_FAST_MATH = YES;
				ONLY_ACTIVE_ARCH = YES;
				SDKROOT = iphoneos;
				SWIFT_ACTIVE_COMPILATION_CONDITIONS = DEBUG;
				SWIFT_OPTIMIZATION_LEVEL = "-Onone";
			};
			name = Debug;
		};
		009E7F5D22EE105C00FF7839 /* Release */ = {
			isa = XCBuildConfiguration;
			buildSettings = {
				ALWAYS_SEARCH_USER_PATHS = NO;
				CLANG_ANALYZER_NONNULL = YES;
				CLANG_ANALYZER_NUMBER_OBJECT_CONVERSION = YES_AGGRESSIVE;
				CLANG_CXX_LANGUAGE_STANDARD = "gnu++14";
				CLANG_CXX_LIBRARY = "libc++";
				CLANG_ENABLE_MODULES = YES;
				CLANG_ENABLE_OBJC_ARC = YES;
				CLANG_ENABLE_OBJC_WEAK = YES;
				CLANG_WARN_BLOCK_CAPTURE_AUTORELEASING = YES;
				CLANG_WARN_BOOL_CONVERSION = YES;
				CLANG_WARN_COMMA = YES;
				CLANG_WARN_CONSTANT_CONVERSION = YES;
				CLANG_WARN_DEPRECATED_OBJC_IMPLEMENTATIONS = YES;
				CLANG_WARN_DIRECT_OBJC_ISA_USAGE = YES_ERROR;
				CLANG_WARN_DOCUMENTATION_COMMENTS = YES;
				CLANG_WARN_EMPTY_BODY = YES;
				CLANG_WARN_ENUM_CONVERSION = YES;
				CLANG_WARN_INFINITE_RECURSION = YES;
				CLANG_WARN_INT_CONVERSION = YES;
				CLANG_WARN_NON_LITERAL_NULL_CONVERSION = YES;
				CLANG_WARN_OBJC_IMPLICIT_RETAIN_SELF = YES;
				CLANG_WARN_OBJC_LITERAL_CONVERSION = YES;
				CLANG_WARN_OBJC_ROOT_CLASS = YES_ERROR;
				CLANG_WARN_RANGE_LOOP_ANALYSIS = YES;
				CLANG_WARN_STRICT_PROTOTYPES = YES;
				CLANG_WARN_SUSPICIOUS_MOVE = YES;
				CLANG_WARN_UNGUARDED_AVAILABILITY = YES_AGGRESSIVE;
				CLANG_WARN_UNREACHABLE_CODE = YES;
				CLANG_WARN__DUPLICATE_METHOD_MATCH = YES;
				CODE_SIGN_IDENTITY = "iPhone Developer";
				COPY_PHASE_STRIP = NO;
				DEBUG_INFORMATION_FORMAT = "dwarf-with-dsym";
				ENABLE_NS_ASSERTIONS = NO;
				ENABLE_STRICT_OBJC_MSGSEND = YES;
				GCC_C_LANGUAGE_STANDARD = gnu11;
				GCC_NO_COMMON_BLOCKS = YES;
				GCC_WARN_64_TO_32_BIT_CONVERSION = YES;
				GCC_WARN_ABOUT_RETURN_TYPE = YES_ERROR;
				GCC_WARN_UNDECLARED_SELECTOR = YES;
				GCC_WARN_UNINITIALIZED_AUTOS = YES_AGGRESSIVE;
				GCC_WARN_UNUSED_FUNCTION = YES;
				GCC_WARN_UNUSED_VARIABLE = YES;
				IPHONEOS_DEPLOYMENT_TARGET = 12.4;
				MTL_ENABLE_DEBUG_INFO = NO;
				MTL_FAST_MATH = YES;
				SDKROOT = iphoneos;
				SWIFT_COMPILATION_MODE = wholemodule;
				SWIFT_OPTIMIZATION_LEVEL = "-O";
				VALIDATE_PRODUCT = YES;
			};
			name = Release;
		};
		009E7F5F22EE105C00FF7839 /* Debug */ = {
			isa = XCBuildConfiguration;
			baseConfigurationReference = F536F887BE009E9C7E5CE715 /* Pods-Todoey.debug.xcconfig */;
			buildSettings = {
				ASSETCATALOG_COMPILER_APPICON_NAME = AppIcon;
				CODE_SIGN_STYLE = Automatic;
				INFOPLIST_FILE = Todoey/Info.plist;
				LD_RUNPATH_SEARCH_PATHS = (
					"$(inherited)",
					"@executable_path/Frameworks",
				);
				PRODUCT_BUNDLE_IDENTIFIER = com.paco.Todoey;
				PRODUCT_NAME = "$(TARGET_NAME)";
				SWIFT_VERSION = 5.0;
				TARGETED_DEVICE_FAMILY = "1,2";
			};
			name = Debug;
		};
		009E7F6022EE105C00FF7839 /* Release */ = {
			isa = XCBuildConfiguration;
			baseConfigurationReference = 289D43E02B8806E95B911714 /* Pods-Todoey.release.xcconfig */;
			buildSettings = {
				ASSETCATALOG_COMPILER_APPICON_NAME = AppIcon;
				CODE_SIGN_STYLE = Automatic;
				INFOPLIST_FILE = Todoey/Info.plist;
				LD_RUNPATH_SEARCH_PATHS = (
					"$(inherited)",
					"@executable_path/Frameworks",
				);
				PRODUCT_BUNDLE_IDENTIFIER = com.paco.Todoey;
				PRODUCT_NAME = "$(TARGET_NAME)";
				SWIFT_VERSION = 5.0;
				TARGETED_DEVICE_FAMILY = "1,2";
			};
			name = Release;
		};
/* End XCBuildConfiguration section */

/* Begin XCConfigurationList section */
		009E7F4722EE105A00FF7839 /* Build configuration list for PBXProject "Todoey" */ = {
			isa = XCConfigurationList;
			buildConfigurations = (
				009E7F5C22EE105C00FF7839 /* Debug */,
				009E7F5D22EE105C00FF7839 /* Release */,
			);
			defaultConfigurationIsVisible = 0;
			defaultConfigurationName = Release;
		};
		009E7F5E22EE105C00FF7839 /* Build configuration list for PBXNativeTarget "Todoey" */ = {
			isa = XCConfigurationList;
			buildConfigurations = (
				009E7F5F22EE105C00FF7839 /* Debug */,
				009E7F6022EE105C00FF7839 /* Release */,
			);
			defaultConfigurationIsVisible = 0;
			defaultConfigurationName = Release;
		};
/* End XCConfigurationList section */
	};
	rootObject = 009E7F4422EE105A00FF7839 /* Project object */;
}
